
Microsoft Visual Studio Solution File, Format Version 12.00
# Visual Studio Version 17
VisualStudioVersion = 17.12.35527.113
MinimumVisualStudioVersion = 10.0.40219.1
Project("{FAE04EC0-301F-11D3-BF4B-00C04F79EFBC}") = "SunnyHillStore.Api", "SunnyHillStore\SunnyHillStore.Api.csproj", "{4B5E6191-0CFA-4CE0-B6DB-12E88942C6BB}"
EndProject
Project("{FAE04EC0-301F-11D3-BF4B-00C04F79EFBC}") = "SunnyHillStore.Core", "SunnyHillStore.Core\SunnyHillStore.Core.csproj", "{BFDFC202-4E3D-41B5-807F-E128089BE799}"
EndProject
Project("{FAE04EC0-301F-11D3-BF4B-00C04F79EFBC}") = "SunnyHillStore.Model", "SunnyHillStore.Model\SunnyHillStore.Model.csproj", "{F8FC7363-A9AF-4999-A7E6-1A265A80C849}"
EndProject
Global
	GlobalSection(SolutionConfigurationPlatforms) = preSolution
		Debug|Any CPU = Debug|Any CPU
		Release|Any CPU = Release|Any CPU
	EndGlobalSection
	GlobalSection(ProjectConfigurationPlatforms) = postSolution
		{4B5E6191-0CFA-4CE0-B6DB-12E88942C6BB}.Debug|Any CPU.ActiveCfg = Debug|Any CPU
		{4B5E6191-0CFA-4CE0-B6DB-12E88942C6BB}.Debug|Any CPU.Build.0 = Debug|Any CPU
		{4B5E6191-0CFA-4CE0-B6DB-12E88942C6BB}.Release|Any CPU.ActiveCfg = Release|Any CPU
		{4B5E6191-0CFA-4CE0-B6DB-12E88942C6BB}.Release|Any CPU.Build.0 = Release|Any CPU
		{BFDFC202-4E3D-41B5-807F-E128089BE799}.Debug|Any CPU.ActiveCfg = Debug|Any CPU
		{BFDFC202-4E3D-41B5-807F-E128089BE799}.Debug|Any CPU.Build.0 = Debug|Any CPU
		{BFDFC202-4E3D-41B5-807F-E128089BE799}.Release|Any CPU.ActiveCfg = Release|Any CPU
		{BFDFC202-4E3D-41B5-807F-E128089BE799}.Release|Any CPU.Build.0 = Release|Any CPU
		{F8FC7363-A9AF-4999-A7E6-1A265A80C849}.Debug|Any CPU.ActiveCfg = Debug|Any CPU
		{F8FC7363-A9AF-4999-A7E6-1A265A80C849}.Debug|Any CPU.Build.0 = Debug|Any CPU
		{F8FC7363-A9AF-4999-A7E6-1A265A80C849}.Release|Any CPU.ActiveCfg = Release|Any CPU
		{F8FC7363-A9AF-4999-A7E6-1A265A80C849}.Release|Any CPU.Build.0 = Release|Any CPU
	EndGlobalSection
	GlobalSection(SolutionProperties) = preSolution
		HideSolutionNode = FALSE
	EndGlobalSection
EndGlobal
